# This file is automatically @generated by Cargo.
# It is not intended for manual editing.
version = 4

[[package]]
name = "yg-api"
version = "0.1.0"

[[package]]
name = "yg-cli"
version = "0.1.0"

[[package]]
name = "yg-control"
version = "0.1.0"

[[package]]
name = "yg-index"
version = "0.1.0"

[[package]]
name = "yg-providers"
version = "0.1.0"

[[package]]
name = "yg-shard"
version = "0.1.0"

[[package]]
name = "yg-sync"
version = "0.1.0"

[[package]]
name = "yg-verbs"
version = "0.1.0"
